
Microsoft Visual Studio Solution File, Format Version 12.00
# Visual Studio Version 16
VisualStudioVersion = 16.0.29201.188
MinimumVisualStudioVersion = 10.0.40219.1
Project("{FAE04EC0-301F-11D3-BF4B-00C04F79EFBC}") = "DMLibSample.NetCore", "DMLibSample.NetCore\DMLibSample.NetCore.csproj", "{D720DD00-F48E-4D6E-A6C6-0499CA5E377E}"
EndProject
Global
	GlobalSection(SolutionConfigurationPlatforms) = preSolution
		Debug|Any CPU = Debug|Any CPU
		Release|Any CPU = Release|Any CPU
	EndGlobalSection
	GlobalSection(ProjectConfigurationPlatforms) = postSolution
		{D720DD00-F48E-4D6E-A6C6-0499CA5E377E}.Debug|Any CPU.ActiveCfg = Debug|Any CPU
		{D720DD00-F48E-4D6E-A6C6-0499CA5E377E}.Debug|Any CPU.Build.0 = Debug|Any CPU
		{D720DD00-F48E-4D6E-A6C6-0499CA5E377E}.Release|Any CPU.ActiveCfg = Release|Any CPU
		{D720DD00-F48E-4D6E-A6C6-0499CA5E377E}.Release|Any CPU.Build.0 = Release|Any CPU
	EndGlobalSection
	GlobalSection(SolutionProperties) = preSolution
		HideSolutionNode = FALSE
	EndGlobalSection
	GlobalSection(ExtensibilityGlobals) = postSolution
		SolutionGuid = {A5E4A6DD-2D20-4413-A67B-ED9E5BD9005A}
	EndGlobalSection
EndGlobal
